
Microsoft Visual Studio Solution File, Format Version 12.00
# Visual Studio 14
VisualStudioVersion = 14.0.25420.1
MinimumVisualStudioVersion = 10.0.40219.1
Project("{2150E333-8FDC-42A3-9474-1A3956D46DE8}") = "Solution Items", "Solution Items", "{D19C22D7-987C-4497-8E36-31E27C02D043}"
	ProjectSection(SolutionItems) = preProject
		MicrosoftFlowWordpressIntegrationSample.sln.DotSettings = MicrosoftFlowWordpressIntegrationSample.sln.DotSettings
		Settings.StyleCop = Settings.StyleCop
	EndProjectSection
EndProject
Project("{2150E333-8FDC-42A3-9474-1A3956D46DE8}") = "src", "src", "{76537FA2-1659-4361-A9EA-28B5EFB9C6A1}"
EndProject
Project("{2150E333-8FDC-42A3-9474-1A3956D46DE8}") = "test", "test", "{C11AC2C5-6706-4B31-ACA1-BE93A0B86889}"
EndProject
Project("{FAE04EC0-301F-11D3-BF4B-00C04F79EFBC}") = "Wordpress.EntityModels", "src\Wordpress.EntityModels\Wordpress.EntityModels.csproj", "{B8D62E40-3DCF-40AB-8085-2E5DAFACC431}"
EndProject
Project("{FAE04EC0-301F-11D3-BF4B-00C04F79EFBC}") = "Wordpress.Services", "src\Wordpress.Services\Wordpress.Services.csproj", "{C641A567-C66C-4B3B-9EE2-839645C6790F}"
EndProject
Project("{FAE04EC0-301F-11D3-BF4B-00C04F79EFBC}") = "Wordpress.Services.Tests", "test\Wordpress.Services.Tests\Wordpress.Services.Tests.csproj", "{16440EFC-47AB-41FB-9F05-52C1C4E52A59}"
EndProject
Global
	GlobalSection(SolutionConfigurationPlatforms) = preSolution
		Debug|Any CPU = Debug|Any CPU
		Release|Any CPU = Release|Any CPU
	EndGlobalSection
	GlobalSection(ProjectConfigurationPlatforms) = postSolution
		{B8D62E40-3DCF-40AB-8085-2E5DAFACC431}.Debug|Any CPU.ActiveCfg = Debug|Any CPU
		{B8D62E40-3DCF-40AB-8085-2E5DAFACC431}.Debug|Any CPU.Build.0 = Debug|Any CPU
		{B8D62E40-3DCF-40AB-8085-2E5DAFACC431}.Release|Any CPU.ActiveCfg = Release|Any CPU
		{B8D62E40-3DCF-40AB-8085-2E5DAFACC431}.Release|Any CPU.Build.0 = Release|Any CPU
		{C641A567-C66C-4B3B-9EE2-839645C6790F}.Debug|Any CPU.ActiveCfg = Debug|Any CPU
		{C641A567-C66C-4B3B-9EE2-839645C6790F}.Debug|Any CPU.Build.0 = Debug|Any CPU
		{C641A567-C66C-4B3B-9EE2-839645C6790F}.Release|Any CPU.ActiveCfg = Release|Any CPU
		{C641A567-C66C-4B3B-9EE2-839645C6790F}.Release|Any CPU.Build.0 = Release|Any CPU
		{16440EFC-47AB-41FB-9F05-52C1C4E52A59}.Debug|Any CPU.ActiveCfg = Debug|Any CPU
		{16440EFC-47AB-41FB-9F05-52C1C4E52A59}.Debug|Any CPU.Build.0 = Debug|Any CPU
		{16440EFC-47AB-41FB-9F05-52C1C4E52A59}.Release|Any CPU.ActiveCfg = Release|Any CPU
		{16440EFC-47AB-41FB-9F05-52C1C4E52A59}.Release|Any CPU.Build.0 = Release|Any CPU
	EndGlobalSection
	GlobalSection(SolutionProperties) = preSolution
		HideSolutionNode = FALSE
	EndGlobalSection
	GlobalSection(NestedProjects) = preSolution
		{B8D62E40-3DCF-40AB-8085-2E5DAFACC431} = {76537FA2-1659-4361-A9EA-28B5EFB9C6A1}
		{C641A567-C66C-4B3B-9EE2-839645C6790F} = {76537FA2-1659-4361-A9EA-28B5EFB9C6A1}
		{16440EFC-47AB-41FB-9F05-52C1C4E52A59} = {C11AC2C5-6706-4B31-ACA1-BE93A0B86889}
	EndGlobalSection
EndGlobal
